
Microsoft Visual Studio Solution File, Format Version 12.00
# Visual Studio Version 17
VisualStudioVersion = 17.5.002.0
MinimumVisualStudioVersion = 10.0.40219.1
Project("{9A19103F-16F7-4668-BE54-9A1E7A4F7556}") = "urlz", "urlz.csproj", "{0BEF6840-3C86-4BA8-8E37-F626D7F1456A}"
EndProject
Global
	GlobalSection(SolutionConfigurationPlatforms) = preSolution
		Debug|Any CPU = Debug|Any CPU
		Release|Any CPU = Release|Any CPU
	EndGlobalSection
	GlobalSection(ProjectConfigurationPlatforms) = postSolution
		{0BEF6840-3C86-4BA8-8E37-F626D7F1456A}.Debug|Any CPU.ActiveCfg = Debug|Any CPU
		{0BEF6840-3C86-4BA8-8E37-F626D7F1456A}.Debug|Any CPU.Build.0 = Debug|Any CPU
		{0BEF6840-3C86-4BA8-8E37-F626D7F1456A}.Release|Any CPU.ActiveCfg = Release|Any CPU
		{0BEF6840-3C86-4BA8-8E37-F626D7F1456A}.Release|Any CPU.Build.0 = Release|Any CPU
	EndGlobalSection
	GlobalSection(SolutionProperties) = preSolution
		HideSolutionNode = FALSE
	EndGlobalSection
	GlobalSection(ExtensibilityGlobals) = postSolution
		SolutionGuid = {F1A66CF5-5F2C-4ECC-9F77-4B8D279CC6C9}
	EndGlobalSection
EndGlobal
